
Microsoft Visual Studio Solution File, Format Version 12.00
# Visual Studio Version 17
VisualStudioVersion = 17.0.31903.59
MinimumVisualStudioVersion = 10.0.40219.1
Project("{FAE04EC0-301F-11D3-BF4B-00C04F79EFBC}") = "SmoothOperator", "SmoothOperator\SmoothOperator.csproj", "{DFCAA573-B1A3-4C7C-B283-95006B5E25C3}"
EndProject
Project("{FAE04EC0-301F-11D3-BF4B-00C04F79EFBC}") = "VariousOperators", "VariousOperators\VariousOperators.csproj", "{265CA2D9-E62E-48E0-A636-F993125E45BE}"
EndProject
Project("{FAE04EC0-301F-11D3-BF4B-00C04F79EFBC}") = "Cilindro", "Cilindro\Cilindro.csproj", "{36501B32-1C44-491D-8A37-67734044A1FE}"
EndProject
Project("{FAE04EC0-301F-11D3-BF4B-00C04F79EFBC}") = "ValoresEspeciais", "ValoresEspeciais\ValoresEspeciais.csproj", "{40B1733D-5A79-4B98-B031-21855907C5F1}"
EndProject
Project("{FAE04EC0-301F-11D3-BF4B-00C04F79EFBC}") = "IfExample", "IfExample\IfExample.csproj", "{BB67A55E-B9B6-4FB8-A4D5-91708E82FF91}"
EndProject
Project("{FAE04EC0-301F-11D3-BF4B-00C04F79EFBC}") = "ChatGPTZero", "ChatGPTZero\ChatGPTZero.csproj", "{657ED2EE-622D-46E8-A7C4-4B2C348125CF}"
EndProject
Global
	GlobalSection(SolutionConfigurationPlatforms) = preSolution
		Debug|Any CPU = Debug|Any CPU
		Debug|x64 = Debug|x64
		Debug|x86 = Debug|x86
		Release|Any CPU = Release|Any CPU
		Release|x64 = Release|x64
		Release|x86 = Release|x86
	EndGlobalSection
	GlobalSection(ProjectConfigurationPlatforms) = postSolution
		{DFCAA573-B1A3-4C7C-B283-95006B5E25C3}.Debug|Any CPU.ActiveCfg = Debug|Any CPU
		{DFCAA573-B1A3-4C7C-B283-95006B5E25C3}.Debug|Any CPU.Build.0 = Debug|Any CPU
		{DFCAA573-B1A3-4C7C-B283-95006B5E25C3}.Debug|x64.ActiveCfg = Debug|Any CPU
		{DFCAA573-B1A3-4C7C-B283-95006B5E25C3}.Debug|x64.Build.0 = Debug|Any CPU
		{DFCAA573-B1A3-4C7C-B283-95006B5E25C3}.Debug|x86.ActiveCfg = Debug|Any CPU
		{DFCAA573-B1A3-4C7C-B283-95006B5E25C3}.Debug|x86.Build.0 = Debug|Any CPU
		{DFCAA573-B1A3-4C7C-B283-95006B5E25C3}.Release|Any CPU.ActiveCfg = Release|Any CPU
		{DFCAA573-B1A3-4C7C-B283-95006B5E25C3}.Release|Any CPU.Build.0 = Release|Any CPU
		{DFCAA573-B1A3-4C7C-B283-95006B5E25C3}.Release|x64.ActiveCfg = Release|Any CPU
		{DFCAA573-B1A3-4C7C-B283-95006B5E25C3}.Release|x64.Build.0 = Release|Any CPU
		{DFCAA573-B1A3-4C7C-B283-95006B5E25C3}.Release|x86.ActiveCfg = Release|Any CPU
		{DFCAA573-B1A3-4C7C-B283-95006B5E25C3}.Release|x86.Build.0 = Release|Any CPU
		{265CA2D9-E62E-48E0-A636-F993125E45BE}.Debug|Any CPU.ActiveCfg = Debug|Any CPU
		{265CA2D9-E62E-48E0-A636-F993125E45BE}.Debug|Any CPU.Build.0 = Debug|Any CPU
		{265CA2D9-E62E-48E0-A636-F993125E45BE}.Debug|x64.ActiveCfg = Debug|Any CPU
		{265CA2D9-E62E-48E0-A636-F993125E45BE}.Debug|x64.Build.0 = Debug|Any CPU
		{265CA2D9-E62E-48E0-A636-F993125E45BE}.Debug|x86.ActiveCfg = Debug|Any CPU
		{265CA2D9-E62E-48E0-A636-F993125E45BE}.Debug|x86.Build.0 = Debug|Any CPU
		{265CA2D9-E62E-48E0-A636-F993125E45BE}.Release|Any CPU.ActiveCfg = Release|Any CPU
		{265CA2D9-E62E-48E0-A636-F993125E45BE}.Release|Any CPU.Build.0 = Release|Any CPU
		{265CA2D9-E62E-48E0-A636-F993125E45BE}.Release|x64.ActiveCfg = Release|Any CPU
		{265CA2D9-E62E-48E0-A636-F993125E45BE}.Release|x64.Build.0 = Release|Any CPU
		{265CA2D9-E62E-48E0-A636-F993125E45BE}.Release|x86.ActiveCfg = Release|Any CPU
		{265CA2D9-E62E-48E0-A636-F993125E45BE}.Release|x86.Build.0 = Release|Any CPU
		{36501B32-1C44-491D-8A37-67734044A1FE}.Debug|Any CPU.ActiveCfg = Debug|Any CPU
		{36501B32-1C44-491D-8A37-67734044A1FE}.Debug|Any CPU.Build.0 = Debug|Any CPU
		{36501B32-1C44-491D-8A37-67734044A1FE}.Debug|x64.ActiveCfg = Debug|Any CPU
		{36501B32-1C44-491D-8A37-67734044A1FE}.Debug|x64.Build.0 = Debug|Any CPU
		{36501B32-1C44-491D-8A37-67734044A1FE}.Debug|x86.ActiveCfg = Debug|Any CPU
		{36501B32-1C44-491D-8A37-67734044A1FE}.Debug|x86.Build.0 = Debug|Any CPU
		{36501B32-1C44-491D-8A37-67734044A1FE}.Release|Any CPU.ActiveCfg = Release|Any CPU
		{36501B32-1C44-491D-8A37-67734044A1FE}.Release|Any CPU.Build.0 = Release|Any CPU
		{36501B32-1C44-491D-8A37-67734044A1FE}.Release|x64.ActiveCfg = Release|Any CPU
		{36501B32-1C44-491D-8A37-67734044A1FE}.Release|x64.Build.0 = Release|Any CPU
		{36501B32-1C44-491D-8A37-67734044A1FE}.Release|x86.ActiveCfg = Release|Any CPU
		{36501B32-1C44-491D-8A37-67734044A1FE}.Release|x86.Build.0 = Release|Any CPU
		{40B1733D-5A79-4B98-B031-21855907C5F1}.Debug|Any CPU.ActiveCfg = Debug|Any CPU
		{40B1733D-5A79-4B98-B031-21855907C5F1}.Debug|Any CPU.Build.0 = Debug|Any CPU
		{40B1733D-5A79-4B98-B031-21855907C5F1}.Debug|x64.ActiveCfg = Debug|Any CPU
		{40B1733D-5A79-4B98-B031-21855907C5F1}.Debug|x64.Build.0 = Debug|Any CPU
		{40B1733D-5A79-4B98-B031-21855907C5F1}.Debug|x86.ActiveCfg = Debug|Any CPU
		{40B1733D-5A79-4B98-B031-21855907C5F1}.Debug|x86.Build.0 = Debug|Any CPU
		{40B1733D-5A79-4B98-B031-21855907C5F1}.Release|Any CPU.ActiveCfg = Release|Any CPU
		{40B1733D-5A79-4B98-B031-21855907C5F1}.Release|Any CPU.Build.0 = Release|Any CPU
		{40B1733D-5A79-4B98-B031-21855907C5F1}.Release|x64.ActiveCfg = Release|Any CPU
		{40B1733D-5A79-4B98-B031-21855907C5F1}.Release|x64.Build.0 = Release|Any CPU
		{40B1733D-5A79-4B98-B031-21855907C5F1}.Release|x86.ActiveCfg = Release|Any CPU
		{40B1733D-5A79-4B98-B031-21855907C5F1}.Release|x86.Build.0 = Release|Any CPU
		{BB67A55E-B9B6-4FB8-A4D5-91708E82FF91}.Debug|Any CPU.ActiveCfg = Debug|Any CPU
		{BB67A55E-B9B6-4FB8-A4D5-91708E82FF91}.Debug|Any CPU.Build.0 = Debug|Any CPU
		{BB67A55E-B9B6-4FB8-A4D5-91708E82FF91}.Debug|x64.ActiveCfg = Debug|Any CPU
		{BB67A55E-B9B6-4FB8-A4D5-91708E82FF91}.Debug|x64.Build.0 = Debug|Any CPU
		{BB67A55E-B9B6-4FB8-A4D5-91708E82FF91}.Debug|x86.ActiveCfg = Debug|Any CPU
		{BB67A55E-B9B6-4FB8-A4D5-91708E82FF91}.Debug|x86.Build.0 = Debug|Any CPU
		{BB67A55E-B9B6-4FB8-A4D5-91708E82FF91}.Release|Any CPU.ActiveCfg = Release|Any CPU
		{BB67A55E-B9B6-4FB8-A4D5-91708E82FF91}.Release|Any CPU.Build.0 = Release|Any CPU
		{BB67A55E-B9B6-4FB8-A4D5-91708E82FF91}.Release|x64.ActiveCfg = Release|Any CPU
		{BB67A55E-B9B6-4FB8-A4D5-91708E82FF91}.Release|x64.Build.0 = Release|Any CPU
		{BB67A55E-B9B6-4FB8-A4D5-91708E82FF91}.Release|x86.ActiveCfg = Release|Any CPU
		{BB67A55E-B9B6-4FB8-A4D5-91708E82FF91}.Release|x86.Build.0 = Release|Any CPU
		{657ED2EE-622D-46E8-A7C4-4B2C348125CF}.Debug|Any CPU.ActiveCfg = Debug|Any CPU
		{657ED2EE-622D-46E8-A7C4-4B2C348125CF}.Debug|Any CPU.Build.0 = Debug|Any CPU
		{657ED2EE-622D-46E8-A7C4-4B2C348125CF}.Debug|x64.ActiveCfg = Debug|Any CPU
		{657ED2EE-622D-46E8-A7C4-4B2C348125CF}.Debug|x64.Build.0 = Debug|Any CPU
		{657ED2EE-622D-46E8-A7C4-4B2C348125CF}.Debug|x86.ActiveCfg = Debug|Any CPU
		{657ED2EE-622D-46E8-A7C4-4B2C348125CF}.Debug|x86.Build.0 = Debug|Any CPU
		{657ED2EE-622D-46E8-A7C4-4B2C348125CF}.Release|Any CPU.ActiveCfg = Release|Any CPU
		{657ED2EE-622D-46E8-A7C4-4B2C348125CF}.Release|Any CPU.Build.0 = Release|Any CPU
		{657ED2EE-622D-46E8-A7C4-4B2C348125CF}.Release|x64.ActiveCfg = Release|Any CPU
		{657ED2EE-622D-46E8-A7C4-4B2C348125CF}.Release|x64.Build.0 = Release|Any CPU
		{657ED2EE-622D-46E8-A7C4-4B2C348125CF}.Release|x86.ActiveCfg = Release|Any CPU
		{657ED2EE-622D-46E8-A7C4-4B2C348125CF}.Release|x86.Build.0 = Release|Any CPU
	EndGlobalSection
	GlobalSection(SolutionProperties) = preSolution
		HideSolutionNode = FALSE
	EndGlobalSection
EndGlobal
